{
  "name": "oracle-layers-serverless",
  "version": "1.0.0",
  "lockfileVersion": 1,
  "requires": true,
  "dependencies": {
    "oracledb": {
      "version": "3.1.2",
      "resolved": "https://registry.npmjs.org/oracledb/-/oracledb-3.1.2.tgz",
      "integrity": "sha512-DOBKpUlfvGAX6bcpuPGtPVVfOOUqFue8eLjbnnmkDyBTU+YuH+gXHRy4ftlFzkHBXYkrSGenFJrXy8dDfEVXCg==",
      "dev": true
    }
  }
}
