{
  "name": "oracle-layers-serverless",
  "version": "1.0.0",
  "lockfileVersion": 2,
  "requires": true,
  "packages": {
    "": {
      "name": "oracle-layers-serverless",
      "version": "1.0.0",
      "dependencies": {
        "oracledb": "^5.3.0"
      }
    },
    "node_modules/oracledb": {
      "version": "5.3.0",
      "resolved": "https://registry.npmjs.org/oracledb/-/oracledb-5.3.0.tgz",
      "integrity": "sha512-HMJzQ6lCf287ztvvehTEmjCWA21FQ3RMvM+mgoqd4i8pkREuqFWO+y3ovsGR9moJUg4T0xjcwS8rl4mggWPxmg==",
      "hasInstallScript": true,
      "engines": {
        "node": ">=10.16"
      }
    }
  },
  "dependencies": {
    "oracledb": {
      "version": "5.3.0",
      "resolved": "https://registry.npmjs.org/oracledb/-/oracledb-5.3.0.tgz",
      "integrity": "sha512-HMJzQ6lCf287ztvvehTEmjCWA21FQ3RMvM+mgoqd4i8pkREuqFWO+y3ovsGR9moJUg4T0xjcwS8rl4mggWPxmg=="
    }
  }
}
